{
  "originHash" : "2dc1792d5b881a341f6a7e16ebe61e2265ed39b8036a2c9c33cab9f3e5a4d085",
  "pins" : [
    {
      "identity" : "liquid",
      "kind" : "remoteSourceControl",
      "location" : "https://github.com/maustinstar/liquid",
      "state" : {
        "branch" : "master",
        "revision" : "067aecd19425b3d37d1bca176aca9a0dc5ff6ed0"
      }
    }
  ],
  "version" : 3
}
