// !$*UTF8*$!
{
	archiveVersion = 1;
	classes = {
	};
	objectVersion = 77;
	objects = {

/* Begin PBXBuildFile section */
		588A2AD72E452B9700F3091C /* ChatViewModel.swift in Sources */ = {isa = PBXBuildFile; fileRef = 588A2AD62E452B9500F3091C /* ChatViewModel.swift */; };
		58CD8A9D2E368C20006A68FD /* Liquid in Frameworks */ = {isa = PBXBuildFile; productRef = 58CD8A9C2E368C20006A68FD /* Liquid */; };
		58CD8B112E369FEE006A68FD /* IBMPlexMono-Regular.otf in Resources */ = {isa = PBXBuildFile; fileRef = 58CD8B102E369FEE006A68FD /* IBMPlexMono-Regular.otf */; };
		58CD8B122E369FEE006A68FD /* IBMPlexMono-Bold.otf in Resources */ = {isa = PBXBuildFile; fileRef = 58CD8B0E2E369FEE006A68FD /* IBMPlexMono-Bold.otf */; };
		58CD8B132E369FEE006A68FD /* IBMPlexMono-Medium.otf in Resources */ = {isa = PBXBuildFile; fileRef = 58CD8B0F2E369FEE006A68FD /* IBMPlexMono-Medium.otf */; };
		LLAMA_XCFRAMEWORK_IN_FRAMEWORKS /* llama.xcframework in Frameworks */ = {isa = PBXBuildFile; fileRef = LLAMA_XCFRAMEWORK /* llama.xcframework */; };
/* End PBXBuildFile section */

/* Begin PBXContainerItemProxy section */
		58E7B4CA2E347AF200713E9B /* PBXContainerItemProxy */ = {
			isa = PBXContainerItemProxy;
			containerPortal = 58E7B4B42E347AF100713E9B /* Project object */;
			proxyType = 1;
			remoteGlobalIDString = 58E7B4BB2E347AF100713E9B;
			remoteInfo = "Control LLM";
		};
		58E7B4D42E347AF200713E9B /* PBXContainerItemProxy */ = {
			isa = PBXContainerItemProxy;
			containerPortal = 58E7B4B42E347AF100713E9B /* Project object */;
			proxyType = 1;
			remoteGlobalIDString = 58E7B4BB2E347AF100713E9B;
			remoteInfo = "Control LLM";
		};
/* End PBXContainerItemProxy section */

/* Begin PBXFileReference section */
		588A2AD62E452B9500F3091C /* ChatViewModel.swift */ = {isa = PBXFileReference; lastKnownFileType = sourcecode.swift; path = ChatViewModel.swift; sourceTree = "<group>"; };
		58CD8B0E2E369FEE006A68FD /* IBMPlexMono-Bold.otf */ = {isa = PBXFileReference; lastKnownFileType = file; path = "IBMPlexMono-Bold.otf"; sourceTree = "<group>"; };
		58CD8B0F2E369FEE006A68FD /* IBMPlexMono-Medium.otf */ = {isa = PBXFileReference; lastKnownFileType = file; path = "IBMPlexMono-Medium.otf"; sourceTree = "<group>"; };
		58CD8B102E369FEE006A68FD /* IBMPlexMono-Regular.otf */ = {isa = PBXFileReference; lastKnownFileType = file; path = "IBMPlexMono-Regular.otf"; sourceTree = "<group>"; };
		58E7B4BC2E347AF100713E9B /* Control LLM.app */ = {isa = PBXFileReference; explicitFileType = wrapper.application; includeInIndex = 0; path = "Control LLM.app"; sourceTree = BUILT_PRODUCTS_DIR; };
		58E7B4C92E347AF200713E9B /* Control LLMTests.xctest */ = {isa = PBXFileReference; explicitFileType = wrapper.cfbundle; includeInIndex = 0; path = "Control LLMTests.xctest"; sourceTree = BUILT_PRODUCTS_DIR; };
		58E7B4D32E347AF200713E9B /* Control LLMUITests.xctest */ = {isa = PBXFileReference; explicitFileType = wrapper.cfbundle; includeInIndex = 0; path = "Control LLMUITests.xctest"; sourceTree = BUILT_PRODUCTS_DIR; };
		LLAMA_XCFRAMEWORK /* llama.xcframework */ = {isa = PBXFileReference; lastKnownFileType = wrapper.xcframework; name = llama.xcframework; path = Vendor/llama/xcframework/llama.xcframework; sourceTree = "<group>"; };
/* End PBXFileReference section */

/* Begin PBXFileSystemSynchronizedRootGroup section */
		58E7B4BE2E347AF100713E9B /* Control LLM */ = {
			isa = PBXFileSystemSynchronizedRootGroup;
			path = "Control LLM";
			sourceTree = "<group>";
		};
		58E7B4CC2E347AF200713E9B /* Control LLMTests */ = {
			isa = PBXFileSystemSynchronizedRootGroup;
			path = "Control LLMTests";
			sourceTree = "<group>";
		};
		58E7B4D62E347AF200713E9B /* Control LLMUITests */ = {
			isa = PBXFileSystemSynchronizedRootGroup;
			path = "Control LLMUITests";
			sourceTree = "<group>";
		};
/* End PBXFileSystemSynchronizedRootGroup section */

/* Begin PBXFrameworksBuildPhase section */
		58E7B4B92E347AF100713E9B /* Frameworks */ = {
			isa = PBXFrameworksBuildPhase;
			buildActionMask = 2147483647;
			files = (
				58CD8A9D2E368C20006A68FD /* Liquid in Frameworks */,
				LLAMA_XCFRAMEWORK_IN_FRAMEWORKS /* llama.xcframework in Frameworks */,
			);
			runOnlyForDeploymentPostprocessing = 0;
		};
		58E7B4C62E347AF200713E9B /* Frameworks */ = {
			isa = PBXFrameworksBuildPhase;
			buildActionMask = 2147483647;
			files = (
			);
			runOnlyForDeploymentPostprocessing = 0;
		};
		58E7B4D02E347AF200713E9B /* Frameworks */ = {
			isa = PBXFrameworksBuildPhase;
			buildActionMask = 2147483647;
			files = (
			);
			runOnlyForDeploymentPostprocessing = 0;
		};
/* End PBXFrameworksBuildPhase section */

/* Begin PBXGroup section */
		58CD8A9B2E368C20006A68FD /* Frameworks */ = {
			isa = PBXGroup;
			children = (
			);
			name = Frameworks;
			sourceTree = "<group>";
		};
		58E7B4B32E347AF100713E9B = {
			isa = PBXGroup;
			children = (
				588A2AD62E452B9500F3091C /* ChatViewModel.swift */,
				58CD8B0E2E369FEE006A68FD /* IBMPlexMono-Bold.otf */,
				58CD8B0F2E369FEE006A68FD /* IBMPlexMono-Medium.otf */,
				58CD8B102E369FEE006A68FD /* IBMPlexMono-Regular.otf */,
				58E7B4BE2E347AF100713E9B /* Control LLM */,
				58E7B4CC2E347AF200713E9B /* Control LLMTests */,
				58E7B4D62E347AF200713E9B /* Control LLMUITests */,
				58CD8A9B2E368C20006A68FD /* Frameworks */,
				58E7B4BD2E347AF100713E9B /* Products */,
				LLAMA_XCFRAMEWORK /* llama.xcframework */,
			);
			sourceTree = "<group>";
		};
		58E7B4BD2E347AF100713E9B /* Products */ = {
			isa = PBXGroup;
			children = (
				58E7B4BC2E347AF100713E9B /* Control LLM.app */,
				58E7B4C92E347AF200713E9B /* Control LLMTests.xctest */,
				58E7B4D32E347AF200713E9B /* Control LLMUITests.xctest */,
			);
			name = Products;
			sourceTree = "<group>";
		};
/* End PBXGroup section */

/* Begin PBXNativeTarget section */
		58E7B4BB2E347AF100713E9B /* Control LLM */ = {
			isa = PBXNativeTarget;
			buildConfigurationList = 58E7B4DD2E347AF200713E9B /* Build configuration list for PBXNativeTarget "Control LLM" */;
			buildPhases = (
				58E7B4B82E347AF100713E9B /* Sources */,
				58E7B4B92E347AF100713E9B /* Frameworks */,
				58E7B4BA2E347AF100713E9B /* Resources */,
			);
			buildRules = (
			);
			dependencies = (
			);
			fileSystemSynchronizedGroups = (
				58E7B4BE2E347AF100713E9B /* Control LLM */,
			);
			name = "Control LLM";
			packageProductDependencies = (
				58CD8A9C2E368C20006A68FD /* Liquid */,
			);
			productName = "Control LLM";
			productReference = 58E7B4BC2E347AF100713E9B /* Control LLM.app */;
			productType = "com.apple.product-type.application";
		};
		58E7B4C82E347AF200713E9B /* Control LLMTests */ = {
			isa = PBXNativeTarget;
			buildConfigurationList = 58E7B4E02E347AF200713E9B /* Build configuration list for PBXNativeTarget "Control LLMTests" */;
			buildPhases = (
				58E7B4C52E347AF200713E9B /* Sources */,
				58E7B4C62E347AF200713E9B /* Frameworks */,
				58E7B4C72E347AF200713E9B /* Resources */,
			);
			buildRules = (
			);
			dependencies = (
				58E7B4CB2E347AF200713E9B /* PBXTargetDependency */,
			);
			fileSystemSynchronizedGroups = (
				58E7B4CC2E347AF200713E9B /* Control LLMTests */,
			);
			name = "Control LLMTests";
			packageProductDependencies = (
			);
			productName = "Control LLMTests";
			productReference = 58E7B4C92E347AF200713E9B /* Control LLMTests.xctest */;
			productType = "com.apple.product-type.bundle.unit-test";
		};
		58E7B4D22E347AF200713E9B /* Control LLMUITests */ = {
			isa = PBXNativeTarget;
			buildConfigurationList = 58E7B4E32E347AF200713E9B /* Build configuration list for PBXNativeTarget "Control LLMUITests" */;
			buildPhases = (
				58E7B4CF2E347AF200713E9B /* Sources */,
				58E7B4D02E347AF200713E9B /* Frameworks */,
				58E7B4D12E347AF200713E9B /* Resources */,
			);
			buildRules = (
			);
			dependencies = (
				58E7B4D52E347AF200713E9B /* PBXTargetDependency */,
			);
			fileSystemSynchronizedGroups = (
				58E7B4D62E347AF200713E9B /* Control LLMUITests */,
			);
			name = "Control LLMUITests";
			packageProductDependencies = (
			);
			productName = "Control LLMUITests";
			productReference = 58E7B4D32E347AF200713E9B /* Control LLMUITests.xctest */;
			productType = "com.apple.product-type.bundle.ui-testing";
		};
/* End PBXNativeTarget section */

/* Begin PBXProject section */
		58E7B4B42E347AF100713E9B /* Project object */ = {
			isa = PBXProject;
			attributes = {
				BuildIndependentTargetsInParallel = 1;
				LastSwiftUpdateCheck = 1640;
				LastUpgradeCheck = 1640;
				TargetAttributes = {
					58E7B4BB2E347AF100713E9B = {
						CreatedOnToolsVersion = 16.4;
					};
					58E7B4C82E347AF200713E9B = {
						CreatedOnToolsVersion = 16.4;
						TestTargetID = 58E7B4BB2E347AF100713E9B;
					};
					58E7B4D22E347AF200713E9B = {
						CreatedOnToolsVersion = 16.4;
						TestTargetID = 58E7B4BB2E347AF100713E9B;
					};
				};
			};
			buildConfigurationList = 58E7B4B72E347AF100713E9B /* Build configuration list for PBXProject "Control LLM" */;
			developmentRegion = en;
			hasScannedForEncodings = 0;
			knownRegions = (
				en,
				Base,
				es,
			);
			mainGroup = 58E7B4B32E347AF100713E9B;
			minimizedProjectReferenceProxies = 1;
			packageReferences = (
				58CD8A9A2E368AB7006A68FD /* XCRemoteSwiftPackageReference "liquid" */,
			);
			preferredProjectObjectVersion = 77;
			productRefGroup = 58E7B4BD2E347AF100713E9B /* Products */;
			projectDirPath = "";
			projectRoot = "";
			targets = (
				58E7B4BB2E347AF100713E9B /* Control LLM */,
				58E7B4C82E347AF200713E9B /* Control LLMTests */,
				58E7B4D22E347AF200713E9B /* Control LLMUITests */,
			);
		};
/* End PBXProject section */

/* Begin PBXResourcesBuildPhase section */
		58E7B4BA2E347AF100713E9B /* Resources */ = {
			isa = PBXResourcesBuildPhase;
			buildActionMask = 2147483647;
			files = (
				58CD8B112E369FEE006A68FD /* IBMPlexMono-Regular.otf in Resources */,
				58CD8B122E369FEE006A68FD /* IBMPlexMono-Bold.otf in Resources */,
				58CD8B132E369FEE006A68FD /* IBMPlexMono-Medium.otf in Resources */,
			);
			runOnlyForDeploymentPostprocessing = 0;
		};
		58E7B4C72E347AF200713E9B /* Resources */ = {
			isa = PBXResourcesBuildPhase;
			buildActionMask = 2147483647;
			files = (
			);
			runOnlyForDeploymentPostprocessing = 0;
		};
		58E7B4D12E347AF200713E9B /* Resources */ = {
			isa = PBXResourcesBuildPhase;
			buildActionMask = 2147483647;
			files = (
			);
			runOnlyForDeploymentPostprocessing = 0;
		};
/* End PBXResourcesBuildPhase section */

/* Begin PBXSourcesBuildPhase section */
		58E7B4B82E347AF100713E9B /* Sources */ = {
			isa = PBXSourcesBuildPhase;
			buildActionMask = 2147483647;
			files = (
				588A2AD72E452B9700F3091C /* ChatViewModel.swift in Sources */,
			);
			runOnlyForDeploymentPostprocessing = 0;
		};
		58E7B4C52E347AF200713E9B /* Sources */ = {
			isa = PBXSourcesBuildPhase;
			buildActionMask = 2147483647;
			files = (
			);
			runOnlyForDeploymentPostprocessing = 0;
		};
		58E7B4CF2E347AF200713E9B /* Sources */ = {
			isa = PBXSourcesBuildPhase;
			buildActionMask = 2147483647;
			files = (
			);
			runOnlyForDeploymentPostprocessing = 0;
		};
/* End PBXSourcesBuildPhase section */

/* Begin PBXTargetDependency section */
		58E7B4CB2E347AF200713E9B /* PBXTargetDependency */ = {
			isa = PBXTargetDependency;
			target = 58E7B4BB2E347AF100713E9B /* Control LLM */;
			targetProxy = 58E7B4CA2E347AF200713E9B /* PBXContainerItemProxy */;
		};
		58E7B4D52E347AF200713E9B /* PBXTargetDependency */ = {
			isa = PBXTargetDependency;
			target = 58E7B4BB2E347AF100713E9B /* Control LLM */;
			targetProxy = 58E7B4D42E347AF200713E9B /* PBXContainerItemProxy */;
		};
/* End PBXTargetDependency section */

/* Begin XCBuildConfiguration section */
		58E7B4DB2E347AF200713E9B /* Debug */ = {
			isa = XCBuildConfiguration;
			buildSettings = {
				ALWAYS_SEARCH_USER_PATHS = NO;
				ASSETCATALOG_COMPILER_GENERATE_SWIFT_ASSET_SYMBOL_EXTENSIONS = YES;
				CLANG_ANALYZER_NONNULL = YES;
				CLANG_ANALYZER_NUMBER_OBJECT_CONVERSION = YES_AGGRESSIVE;
				CLANG_CXX_LANGUAGE_STANDARD = "gnu++20";
				CLANG_ENABLE_MODULES = YES;
				CLANG_ENABLE_OBJC_ARC = YES;
				CLANG_ENABLE_OBJC_WEAK = YES;
				CLANG_WARN_BLOCK_CAPTURE_AUTORELEASING = YES;
				CLANG_WARN_BOOL_CONVERSION = YES;
				CLANG_WARN_COMMA = YES;
				CLANG_WARN_CONSTANT_CONVERSION = YES;
				CLANG_WARN_DEPRECATED_OBJC_IMPLEMENTATIONS = YES;
				CLANG_WARN_DIRECT_OBJC_ISA_USAGE = YES_ERROR;
				CLANG_WARN_DOCUMENTATION_COMMENTS = YES;
				CLANG_WARN_EMPTY_BODY = YES;
				CLANG_WARN_ENUM_CONVERSION = YES;
				CLANG_WARN_INCOMPLETE_UMBRELLA = NO;
				CLANG_WARN_INFINITE_RECURSION = YES;
				CLANG_WARN_INT_CONVERSION = YES;
				CLANG_WARN_NON_LITERAL_NULL_CONVERSION = YES;
				CLANG_WARN_OBJC_IMPLICIT_RETAIN_SELF = YES;
				CLANG_WARN_OBJC_LITERAL_CONVERSION = YES;
				CLANG_WARN_OBJC_ROOT_CLASS = YES_ERROR;
				CLANG_WARN_QUOTED_INCLUDE_IN_FRAMEWORK_HEADER = YES;
				CLANG_WARN_RANGE_LOOP_ANALYSIS = YES;
				CLANG_WARN_STRICT_PROTOTYPES = YES;
				CLANG_WARN_SUSPICIOUS_MOVE = YES;
				CLANG_WARN_UNGUARDED_AVAILABILITY = YES_AGGRESSIVE;
				CLANG_WARN_UNREACHABLE_CODE = YES;
				CLANG_WARN__DUPLICATE_METHOD_MATCH = YES;
				COPY_PHASE_STRIP = NO;
				DEBUG_INFORMATION_FORMAT = dwarf;
				ENABLE_STRICT_OBJC_MSGSEND = YES;
				ENABLE_TESTABILITY = YES;
				ENABLE_USER_SCRIPT_SANDBOXING = YES;
				GCC_C_LANGUAGE_STANDARD = gnu17;
				GCC_DYNAMIC_NO_PIC = NO;
				GCC_NO_COMMON_BLOCKS = YES;
				GCC_OPTIMIZATION_LEVEL = 0;
				GCC_PREPROCESSOR_DEFINITIONS = (
					"DEBUG=1",
					"$(inherited)",
				);
				GCC_WARN_64_TO_32_BIT_CONVERSION = YES;
				GCC_WARN_ABOUT_RETURN_TYPE = YES_ERROR;
				GCC_WARN_UNDECLARED_SELECTOR = YES;
				GCC_WARN_UNINITIALIZED_AUTOS = YES_AGGRESSIVE;
				GCC_WARN_UNUSED_FUNCTION = YES;
				GCC_WARN_UNUSED_VARIABLE = YES;
				IPHONEOS_DEPLOYMENT_TARGET = 18.5;
				LOCALIZATION_PREFERS_STRING_CATALOGS = YES;
				MTL_ENABLE_DEBUG_INFO = INCLUDE_SOURCE;
				MTL_FAST_MATH = YES;
				ONLY_ACTIVE_ARCH = YES;
				SDKROOT = iphoneos;
				SWIFT_ACTIVE_COMPILATION_CONDITIONS = "DEBUG $(inherited)";
				SWIFT_OPTIMIZATION_LEVEL = "-Onone";
			};
			name = Debug;
		};
		58E7B4DC2E347AF200713E9B /* Release */ = {
			isa = XCBuildConfiguration;
			buildSettings = {
				ALWAYS_SEARCH_USER_PATHS = NO;
				ASSETCATALOG_COMPILER_GENERATE_SWIFT_ASSET_SYMBOL_EXTENSIONS = YES;
				CLANG_ANALYZER_NONNULL = YES;
				CLANG_ANALYZER_NUMBER_OBJECT_CONVERSION = YES_AGGRESSIVE;
				CLANG_CXX_LANGUAGE_STANDARD = "gnu++20";
				CLANG_ENABLE_MODULES = YES;
				CLANG_ENABLE_OBJC_ARC = YES;
				CLANG_ENABLE_OBJC_WEAK = YES;
				CLANG_WARN_BLOCK_CAPTURE_AUTORELEASING = YES;
				CLANG_WARN_BOOL_CONVERSION = YES;
				CLANG_WARN_COMMA = YES;
				CLANG_WARN_CONSTANT_CONVERSION = YES;
				CLANG_WARN_DEPRECATED_OBJC_IMPLEMENTATIONS = YES;
				CLANG_WARN_DIRECT_OBJC_ISA_USAGE = YES_ERROR;
				CLANG_WARN_DOCUMENTATION_COMMENTS = YES;
				CLANG_WARN_EMPTY_BODY = YES;
				CLANG_WARN_ENUM_CONVERSION = YES;
				CLANG_WARN_INCOMPLETE_UMBRELLA = NO;
				CLANG_WARN_INFINITE_RECURSION = YES;
				CLANG_WARN_INT_CONVERSION = YES;
				CLANG_WARN_NON_LITERAL_NULL_CONVERSION = YES;
				CLANG_WARN_OBJC_IMPLICIT_RETAIN_SELF = YES;
				CLANG_WARN_OBJC_LITERAL_CONVERSION = YES;
				CLANG_WARN_OBJC_ROOT_CLASS = YES_ERROR;
				CLANG_WARN_QUOTED_INCLUDE_IN_FRAMEWORK_HEADER = YES;
				CLANG_WARN_RANGE_LOOP_ANALYSIS = YES;
				CLANG_WARN_STRICT_PROTOTYPES = YES;
				CLANG_WARN_SUSPICIOUS_MOVE = YES;
				CLANG_WARN_UNGUARDED_AVAILABILITY = YES_AGGRESSIVE;
				CLANG_WARN_UNREACHABLE_CODE = YES;
				CLANG_WARN__DUPLICATE_METHOD_MATCH = YES;
				COPY_PHASE_STRIP = NO;
				DEBUG_INFORMATION_FORMAT = "dwarf-with-dsym";
				ENABLE_NS_ASSERTIONS = NO;
				ENABLE_STRICT_OBJC_MSGSEND = YES;
				ENABLE_USER_SCRIPT_SANDBOXING = YES;
				GCC_C_LANGUAGE_STANDARD = gnu17;
				GCC_NO_COMMON_BLOCKS = YES;
				GCC_WARN_64_TO_32_BIT_CONVERSION = YES;
				GCC_WARN_ABOUT_RETURN_TYPE = YES_ERROR;
				GCC_WARN_UNDECLARED_SELECTOR = YES;
				GCC_WARN_UNINITIALIZED_AUTOS = YES_AGGRESSIVE;
				GCC_WARN_UNUSED_FUNCTION = YES;
				GCC_WARN_UNUSED_VARIABLE = YES;
				IPHONEOS_DEPLOYMENT_TARGET = 18.5;
				LOCALIZATION_PREFERS_STRING_CATALOGS = YES;
				MTL_ENABLE_DEBUG_INFO = NO;
				MTL_FAST_MATH = YES;
				SDKROOT = iphoneos;
				SWIFT_COMPILATION_MODE = wholemodule;
				VALIDATE_PRODUCT = YES;
			};
			name = Release;
		};
		58E7B4DE2E347AF200713E9B /* Debug */ = {
			isa = XCBuildConfiguration;
			buildSettings = {
				ASSETCATALOG_COMPILER_APPICON_NAME = AppIcon;
				ASSETCATALOG_COMPILER_GLOBAL_ACCENT_COLOR_NAME = AccentColor;
				CODE_SIGN_STYLE = Automatic;
				CURRENT_PROJECT_VERSION = 1;
				DEVELOPMENT_TEAM = TV4QZT7A7X;
				ENABLE_PREVIEWS = YES;
				FRAMEWORK_SEARCH_PATHS = "$(PROJECT_DIR)/Vendor/llama/xcframework/llama.xcframework";
				GENERATE_INFOPLIST_FILE = YES;
				HEADER_SEARCH_PATHS = "$(PROJECT_DIR)/Vendor/llama/include";
				INFOPLIST_KEY_UIAppFonts = "IBMPlexMono-Regular.otf IBMPlexMono-Medium.otf IBMPlexMono-Bold.otf";
				INFOPLIST_KEY_UIApplicationSceneManifest_Generation = YES;
				INFOPLIST_KEY_UIApplicationSupportsIndirectInputEvents = YES;
				INFOPLIST_KEY_UILaunchScreen_Generation = YES;
				INFOPLIST_KEY_UISupportedInterfaceOrientations_iPad = "UIInterfaceOrientationPortrait UIInterfaceOrientationPortraitUpsideDown UIInterfaceOrientationLandscapeLeft UIInterfaceOrientationLandscapeRight";
				INFOPLIST_KEY_UISupportedInterfaceOrientations_iPhone = "UIInterfaceOrientationPortrait UIInterfaceOrientationLandscapeLeft UIInterfaceOrientationLandscapeRight";
				LD_RUNPATH_SEARCH_PATHS = (
					"$(inherited)",
					"@executable_path/Frameworks",
				);
				LIBRARY_SEARCH_PATHS = (
					"$(inherited)",
					"$(PROJECT_DIR)/Control\\ LLM/Control\\ LLM/Vendor/llama/lib/ios",
					"$(PROJECT_DIR)/Control\\ LLM/Control\\ LLM/Vendor/llama/lib/ios",
					"$(PROJECT_DIR)/Control\\ LLM/Control\\ LLM/Vendor/llama/lib/ios",
					"$(PROJECT_DIR)/Control\\ LLM/Control\\ LLM/Vendor/llama/lib/ios",
					"$(PROJECT_DIR)/Control\\ LLM/Control\\ LLM/Vendor/llama/lib/ios",
					"$(PROJECT_DIR)/Control\\ LLM/Control\\ LLM/Vendor/llama/lib/ios",
					"$(PROJECT_DIR)/Control\\ LLM/Control\\ LLM/Vendor/llama/lib/ios",
					"$(PROJECT_DIR)/Control\\ LLM/Control\\ LLM/Vendor/llama/lib/ios",
					"$(PROJECT_DIR)/Control\\ LLM/Control\\ LLM/Vendor/llama/lib/ios",
					"$(PROJECT_DIR)/Control\\ LLM/Control\\ LLM/Vendor/llama/lib/ios",
					"$(PROJECT_DIR)/Control\\ LLM/Control\\ LLM/Vendor/llama/lib/ios",
				);
				MARKETING_VERSION = 1.0;
				OTHER_LDFLAGS = (
					"-framework",
					llama,
					"-framework",
					Accelerate,
					"-lc++",
				);
				OTHER_SWIFT_FLAGS = "-Xcc -Wno-incomplete-umbrella";
				PRODUCT_BUNDLE_IDENTIFIER = "Control.Design.Control-LLM";
				PRODUCT_NAME = "$(TARGET_NAME)";
				SWIFT_EMIT_LOC_STRINGS = NO;
				SWIFT_OBJC_BRIDGING_HEADER = "Control LLM/Control_LLM-Bridging-Header.h";
				SWIFT_OPTIMIZATION_LEVEL = "-Onone";
				SWIFT_VERSION = 5.0;
				TARGETED_DEVICE_FAMILY = "1,2";
			};
			name = Debug;
		};
		58E7B4DF2E347AF200713E9B /* Release */ = {
			isa = XCBuildConfiguration;
			buildSettings = {
				ASSETCATALOG_COMPILER_APPICON_NAME = AppIcon;
				ASSETCATALOG_COMPILER_GLOBAL_ACCENT_COLOR_NAME = AccentColor;
				CODE_SIGN_STYLE = Automatic;
				CURRENT_PROJECT_VERSION = 1;
				DEVELOPMENT_TEAM = TV4QZT7A7X;
				ENABLE_PREVIEWS = YES;
				FRAMEWORK_SEARCH_PATHS = "$(PROJECT_DIR)/Vendor/llama/xcframework/llama.xcframework";
				GENERATE_INFOPLIST_FILE = YES;
				HEADER_SEARCH_PATHS = "$(PROJECT_DIR)/Vendor/llama/include";
				INFOPLIST_KEY_UIAppFonts = "IBMPlexMono-Regular.otf IBMPlexMono-Medium.otf IBMPlexMono-Bold.otf";
				INFOPLIST_KEY_UIApplicationSceneManifest_Generation = YES;
				INFOPLIST_KEY_UIApplicationSupportsIndirectInputEvents = YES;
				INFOPLIST_KEY_UILaunchScreen_Generation = YES;
				INFOPLIST_KEY_UISupportedInterfaceOrientations_iPad = "UIInterfaceOrientationPortrait UIInterfaceOrientationPortraitUpsideDown UIInterfaceOrientationLandscapeLeft UIInterfaceOrientationLandscapeRight";
				INFOPLIST_KEY_UISupportedInterfaceOrientations_iPhone = "UIInterfaceOrientationPortrait UIInterfaceOrientationLandscapeLeft UIInterfaceOrientationLandscapeRight";
				LD_RUNPATH_SEARCH_PATHS = (
					"$(inherited)",
					"@executable_path/Frameworks",
				);
				LIBRARY_SEARCH_PATHS = (
					"$(inherited)",
					"$(PROJECT_DIR)/Control\\ LLM/Control\\ LLM/Vendor/llama/lib/ios",
					"$(PROJECT_DIR)/Control\\ LLM/Control\\ LLM/Vendor/llama/lib/ios",
					"$(PROJECT_DIR)/Control\\ LLM/Control\\ LLM/Vendor/llama/lib/ios",
					"$(PROJECT_DIR)/Control\\ LLM/Control\\ LLM/Vendor/llama/lib/ios",
					"$(PROJECT_DIR)/Control\\ LLM/Control\\ LLM/Vendor/llama/lib/ios",
					"$(PROJECT_DIR)/Control\\ LLM/Control\\ LLM/Vendor/llama/lib/ios",
					"$(PROJECT_DIR)/Control\\ LLM/Control\\ LLM/Vendor/llama/lib/ios",
					"$(PROJECT_DIR)/Control\\ LLM/Control\\ LLM/Vendor/llama/lib/ios",
					"$(PROJECT_DIR)/Control\\ LLM/Control\\ LLM/Vendor/llama/lib/ios",
					"$(PROJECT_DIR)/Control\\ LLM/Control\\ LLM/Vendor/llama/lib/ios",
					"$(PROJECT_DIR)/Control\\ LLM/Control\\ LLM/Vendor/llama/lib/ios",
				);
				MARKETING_VERSION = 1.0;
				OTHER_LDFLAGS = (
					"-framework",
					llama,
					"-framework",
					Accelerate,
					"-lc++",
				);
				OTHER_SWIFT_FLAGS = "-Xcc -Wno-incomplete-umbrella";
				PRODUCT_BUNDLE_IDENTIFIER = "Control.Design.Control-LLM";
				PRODUCT_NAME = "$(TARGET_NAME)";
				SWIFT_EMIT_LOC_STRINGS = NO;
				SWIFT_OBJC_BRIDGING_HEADER = "Control LLM/Control_LLM-Bridging-Header.h";
				SWIFT_VERSION = 5.0;
				TARGETED_DEVICE_FAMILY = "1,2";
			};
			name = Release;
		};
		58E7B4E12E347AF200713E9B /* Debug */ = {
			isa = XCBuildConfiguration;
			buildSettings = {
				BUNDLE_LOADER = "$(TEST_HOST)";
				CODE_SIGN_STYLE = Automatic;
				CURRENT_PROJECT_VERSION = 1;
				GENERATE_INFOPLIST_FILE = YES;
				IPHONEOS_DEPLOYMENT_TARGET = 18.5;
				MARKETING_VERSION = 1.0;
				OTHER_SWIFT_FLAGS = "-Xcc -Wno-incomplete-umbrella";
				PRODUCT_BUNDLE_IDENTIFIER = "Control.Design.Control-LLMTests";
				PRODUCT_NAME = "$(TARGET_NAME)";
				SWIFT_EMIT_LOC_STRINGS = NO;
				SWIFT_VERSION = 5.0;
				TARGETED_DEVICE_FAMILY = "1,2";
				TEST_HOST = "$(BUILT_PRODUCTS_DIR)/Control LLM.app/$(BUNDLE_EXECUTABLE_FOLDER_PATH)/Control LLM";
			};
			name = Debug;
		};
		58E7B4E22E347AF200713E9B /* Release */ = {
			isa = XCBuildConfiguration;
			buildSettings = {
				BUNDLE_LOADER = "$(TEST_HOST)";
				CODE_SIGN_STYLE = Automatic;
				CURRENT_PROJECT_VERSION = 1;
				GENERATE_INFOPLIST_FILE = YES;
				IPHONEOS_DEPLOYMENT_TARGET = 18.5;
				MARKETING_VERSION = 1.0;
				OTHER_SWIFT_FLAGS = "-Xcc -Wno-incomplete-umbrella";
				PRODUCT_BUNDLE_IDENTIFIER = "Control.Design.Control-LLMTests";
				PRODUCT_NAME = "$(TARGET_NAME)";
				SWIFT_EMIT_LOC_STRINGS = NO;
				SWIFT_VERSION = 5.0;
				TARGETED_DEVICE_FAMILY = "1,2";
				TEST_HOST = "$(BUILT_PRODUCTS_DIR)/Control LLM.app/$(BUNDLE_EXECUTABLE_FOLDER_PATH)/Control LLM";
			};
			name = Release;
		};
		58E7B4E42E347AF200713E9B /* Debug */ = {
			isa = XCBuildConfiguration;
			buildSettings = {
				CODE_SIGN_STYLE = Automatic;
				CURRENT_PROJECT_VERSION = 1;
				GENERATE_INFOPLIST_FILE = YES;
				MARKETING_VERSION = 1.0;
				OTHER_SWIFT_FLAGS = "-Xcc -Wno-incomplete-umbrella";
				PRODUCT_BUNDLE_IDENTIFIER = "Control.Design.Control-LLMUITests";
				PRODUCT_NAME = "$(TARGET_NAME)";
				SWIFT_EMIT_LOC_STRINGS = NO;
				SWIFT_VERSION = 5.0;
				TARGETED_DEVICE_FAMILY = "1,2";
				TEST_TARGET_NAME = "Control LLM";
			};
			name = Debug;
		};
		58E7B4E52E347AF200713E9B /* Release */ = {
			isa = XCBuildConfiguration;
			buildSettings = {
				CODE_SIGN_STYLE = Automatic;
				CURRENT_PROJECT_VERSION = 1;
				GENERATE_INFOPLIST_FILE = YES;
				MARKETING_VERSION = 1.0;
				OTHER_SWIFT_FLAGS = "-Xcc -Wno-incomplete-umbrella";
				PRODUCT_BUNDLE_IDENTIFIER = "Control.Design.Control-LLMUITests";
				PRODUCT_NAME = "$(TARGET_NAME)";
				SWIFT_EMIT_LOC_STRINGS = NO;
				SWIFT_VERSION = 5.0;
				TARGETED_DEVICE_FAMILY = "1,2";
				TEST_TARGET_NAME = "Control LLM";
			};
			name = Release;
		};
/* End XCBuildConfiguration section */

/* Begin XCConfigurationList section */
		58E7B4B72E347AF100713E9B /* Build configuration list for PBXProject "Control LLM" */ = {
			isa = XCConfigurationList;
			buildConfigurations = (
				58E7B4DB2E347AF200713E9B /* Debug */,
				58E7B4DC2E347AF200713E9B /* Release */,
			);
			defaultConfigurationIsVisible = 0;
			defaultConfigurationName = Debug;
		};
		58E7B4DD2E347AF200713E9B /* Build configuration list for PBXNativeTarget "Control LLM" */ = {
			isa = XCConfigurationList;
			buildConfigurations = (
				58E7B4DE2E347AF200713E9B /* Debug */,
				58E7B4DF2E347AF200713E9B /* Release */,
			);
			defaultConfigurationIsVisible = 0;
			defaultConfigurationName = Debug;
		};
		58E7B4E02E347AF200713E9B /* Build configuration list for PBXNativeTarget "Control LLMTests" */ = {
			isa = XCConfigurationList;
			buildConfigurations = (
				58E7B4E12E347AF200713E9B /* Debug */,
				58E7B4E22E347AF200713E9B /* Release */,
			);
			defaultConfigurationIsVisible = 0;
			defaultConfigurationName = Debug;
		};
		58E7B4E32E347AF200713E9B /* Build configuration list for PBXNativeTarget "Control LLMUITests" */ = {
			isa = XCConfigurationList;
			buildConfigurations = (
				58E7B4E42E347AF200713E9B /* Debug */,
				58E7B4E52E347AF200713E9B /* Release */,
			);
			defaultConfigurationIsVisible = 0;
			defaultConfigurationName = Debug;
		};
/* End XCConfigurationList section */

/* Begin XCRemoteSwiftPackageReference section */
		58CD8A9A2E368AB7006A68FD /* XCRemoteSwiftPackageReference "liquid" */ = {
			isa = XCRemoteSwiftPackageReference;
			repositoryURL = "https://github.com/maustinstar/liquid";
			requirement = {
				branch = master;
				kind = branch;
			};
		};
/* End XCRemoteSwiftPackageReference section */

/* Begin XCSwiftPackageProductDependency section */
		58CD8A9C2E368C20006A68FD /* Liquid */ = {
			isa = XCSwiftPackageProductDependency;
			package = 58CD8A9A2E368AB7006A68FD /* XCRemoteSwiftPackageReference "liquid" */;
			productName = Liquid;
		};
/* End XCSwiftPackageProductDependency section */
	};
	rootObject = 58E7B4B42E347AF100713E9B /* Project object */;
}
